
Microsoft Visual Studio Solution File, Format Version 12.00
# Visual Studio Version 17
VisualStudioVersion = 17.8.34525.116
MinimumVisualStudioVersion = 10.0.40219.1
Project("{FAE04EC0-301F-11D3-BF4B-00C04F79EFBC}") = "MauiAppCalc", "MauiAppCalc\MauiAppCalc.csproj", "{DEC5A71C-3C54-4BBD-BAFE-1F37FE746ABA}"
EndProject
Global
	GlobalSection(SolutionConfigurationPlatforms) = preSolution
		Debug|Any CPU = Debug|Any CPU
		Release|Any CPU = Release|Any CPU
	EndGlobalSection
	GlobalSection(ProjectConfigurationPlatforms) = postSolution
		{DEC5A71C-3C54-4BBD-BAFE-1F37FE746ABA}.Debug|Any CPU.ActiveCfg = Debug|Any CPU
		{DEC5A71C-3C54-4BBD-BAFE-1F37FE746ABA}.Debug|Any CPU.Build.0 = Debug|Any CPU
		{DEC5A71C-3C54-4BBD-BAFE-1F37FE746ABA}.Debug|Any CPU.Deploy.0 = Debug|Any CPU
		{DEC5A71C-3C54-4BBD-BAFE-1F37FE746ABA}.Release|Any CPU.ActiveCfg = Release|Any CPU
		{DEC5A71C-3C54-4BBD-BAFE-1F37FE746ABA}.Release|Any CPU.Build.0 = Release|Any CPU
		{DEC5A71C-3C54-4BBD-BAFE-1F37FE746ABA}.Release|Any CPU.Deploy.0 = Release|Any CPU
	EndGlobalSection
	GlobalSection(SolutionProperties) = preSolution
		HideSolutionNode = FALSE
	EndGlobalSection
	GlobalSection(ExtensibilityGlobals) = postSolution
		SolutionGuid = {302B0D2C-1781-48A9-8B14-CF5DCCB3ACAE}
	EndGlobalSection
EndGlobal
